
Microsoft Visual Studio Solution File, Format Version 12.00
# Visual Studio Version 17
VisualStudioVersion = 17.9.34616.47
MinimumVisualStudioVersion = 10.0.40219.1
Project("{FAE04EC0-301F-11D3-BF4B-00C04F79EFBC}") = "SortAnalysis", "SortAnalysis.csproj", "{AC286A88-FDD0-4DD5-9D9F-23EFC31E2841}"
EndProject
Global
	GlobalSection(SolutionConfigurationPlatforms) = preSolution
		Debug|Any CPU = Debug|Any CPU
		Release|Any CPU = Release|Any CPU
	EndGlobalSection
	GlobalSection(ProjectConfigurationPlatforms) = postSolution
		{AC286A88-FDD0-4DD5-9D9F-23EFC31E2841}.Debug|Any CPU.ActiveCfg = Debug|Any CPU
		{AC286A88-FDD0-4DD5-9D9F-23EFC31E2841}.Debug|Any CPU.Build.0 = Debug|Any CPU
		{AC286A88-FDD0-4DD5-9D9F-23EFC31E2841}.Release|Any CPU.ActiveCfg = Release|Any CPU
		{AC286A88-FDD0-4DD5-9D9F-23EFC31E2841}.Release|Any CPU.Build.0 = Release|Any CPU
	EndGlobalSection
	GlobalSection(SolutionProperties) = preSolution
		HideSolutionNode = FALSE
	EndGlobalSection
	GlobalSection(ExtensibilityGlobals) = postSolution
		SolutionGuid = {61094A44-A2DD-44ED-92C2-5410A73FB90F}
	EndGlobalSection
EndGlobal
